Microsoft Visual Studio Solution File, Format Version 11.00
# Visual Studio 2008

Project("{C9ABE681-4BD5-7EBD-3E13-BC9680FD28FB}") = "CompetiveGame", "Assembly-CSharp-firstpass.csproj", "{5F38BE39-5915-87E6-CB1D-B60F3DAFE75C}"
EndProject
Project("{C9ABE681-4BD5-7EBD-3E13-BC9680FD28FB}") = "CompetiveGame", "Assembly-CSharp.csproj", "{5C4FAE9B-ED03-CBBA-AD61-7AE3E15805B3}"
EndProject
Project("{C9ABE681-4BD5-7EBD-3E13-BC9680FD28FB}") = "CompetiveGame", "Assembly-CSharp-Editor.csproj", "{2640C5BE-4188-A588-DA1A-19AB7A09C5DC}"
EndProject
Global
	GlobalSection(SolutionConfigurationPlatforms) = preSolution
		Debug|Any CPU = Debug|Any CPU
		Release|Any CPU = Release|Any CPU
	EndGlobalSection
	GlobalSection(ProjectConfigurationPlatforms) = postSolution
		{5F38BE39-5915-87E6-CB1D-B60F3DAFE75C}.Debug|Any CPU.ActiveCfg = Debug|Any CPU
		{5F38BE39-5915-87E6-CB1D-B60F3DAFE75C}.Debug|Any CPU.Build.0 = Debug|Any CPU
		{5F38BE39-5915-87E6-CB1D-B60F3DAFE75C}.Release|Any CPU.ActiveCfg = Release|Any CPU
		{5F38BE39-5915-87E6-CB1D-B60F3DAFE75C}.Release|Any CPU.Build.0 = Release|Any CPU
		{5C4FAE9B-ED03-CBBA-AD61-7AE3E15805B3}.Debug|Any CPU.ActiveCfg = Debug|Any CPU
		{5C4FAE9B-ED03-CBBA-AD61-7AE3E15805B3}.Debug|Any CPU.Build.0 = Debug|Any CPU
		{5C4FAE9B-ED03-CBBA-AD61-7AE3E15805B3}.Release|Any CPU.ActiveCfg = Release|Any CPU
		{5C4FAE9B-ED03-CBBA-AD61-7AE3E15805B3}.Release|Any CPU.Build.0 = Release|Any CPU
		{2640C5BE-4188-A588-DA1A-19AB7A09C5DC}.Debug|Any CPU.ActiveCfg = Debug|Any CPU
		{2640C5BE-4188-A588-DA1A-19AB7A09C5DC}.Debug|Any CPU.Build.0 = Debug|Any CPU
		{2640C5BE-4188-A588-DA1A-19AB7A09C5DC}.Release|Any CPU.ActiveCfg = Release|Any CPU
		{2640C5BE-4188-A588-DA1A-19AB7A09C5DC}.Release|Any CPU.Build.0 = Release|Any CPU
	EndGlobalSection
	GlobalSection(SolutionProperties) = preSolution
		HideSolutionNode = FALSE
	EndGlobalSection
																																																																																																																																						GlobalSection(MonoDevelopProperties) = preSolution
		StartupItem = Assembly-CSharp.csproj
		Policies = $0
		$0.TextStylePolicy = $1
		$1.inheritsSet = null
		$1.scope = text/x-csharp
		$0.CSharpFormattingPolicy = $2
		$2.inheritsSet = Mono
		$2.inheritsScope = text/x-csharp
		$2.scope = text/x-csharp
		$0.TextStylePolicy = $3
		$3.FileWidth = 120
		$3.TabWidth = 4
		$3.IndentWidth = 4
		$3.EolMarker = Unix
		$3.inheritsSet = Mono
		$3.inheritsScope = text/plain
		$3.scope = text/plain
	EndGlobalSection

EndGlobal
